
Microsoft Visual Studio Solution File, Format Version 12.00
# Visual Studio Version 17
VisualStudioVersion = 17.2.32630.192
MinimumVisualStudioVersion = 10.0.40219.1
Project("{FAE04EC0-301F-11D3-BF4B-00C04F79EFBC}") = "Homework1_3_2", "Homework1_3_2\Homework1_3_2.csproj", "{5FD3F5ED-37EF-4DB9-8759-26961F4C7C84}"
EndProject
Global
	GlobalSection(SolutionConfigurationPlatforms) = preSolution
		Debug|Any CPU = Debug|Any CPU
		Release|Any CPU = Release|Any CPU
	EndGlobalSection
	GlobalSection(ProjectConfigurationPlatforms) = postSolution
		{5FD3F5ED-37EF-4DB9-8759-26961F4C7C84}.Debug|Any CPU.ActiveCfg = Debug|Any CPU
		{5FD3F5ED-37EF-4DB9-8759-26961F4C7C84}.Debug|Any CPU.Build.0 = Debug|Any CPU
		{5FD3F5ED-37EF-4DB9-8759-26961F4C7C84}.Release|Any CPU.ActiveCfg = Release|Any CPU
		{5FD3F5ED-37EF-4DB9-8759-26961F4C7C84}.Release|Any CPU.Build.0 = Release|Any CPU
	EndGlobalSection
	GlobalSection(SolutionProperties) = preSolution
		HideSolutionNode = FALSE
	EndGlobalSection
	GlobalSection(ExtensibilityGlobals) = postSolution
		SolutionGuid = {38DFFD02-9A44-4C67-822C-AD0A6106FAC8}
	EndGlobalSection
EndGlobal
